
Microsoft Visual Studio Solution File, Format Version 12.00
# Visual Studio Version 16
VisualStudioVersion = 16.0.31205.134
MinimumVisualStudioVersion = 10.0.40219.1
Project("{FAE04EC0-301F-11D3-BF4B-00C04F79EFBC}") = "TestWorkingWithImage", "TestWorkingWithImage\TestWorkingWithImage.csproj", "{63FF7B51-3323-4867-B9D3-6F030C129807}"
EndProject
Global
	GlobalSection(SolutionConfigurationPlatforms) = preSolution
		Debug|Any CPU = Debug|Any CPU
		Release|Any CPU = Release|Any CPU
	EndGlobalSection
	GlobalSection(ProjectConfigurationPlatforms) = postSolution
		{63FF7B51-3323-4867-B9D3-6F030C129807}.Debug|Any CPU.ActiveCfg = Debug|Any CPU
		{63FF7B51-3323-4867-B9D3-6F030C129807}.Debug|Any CPU.Build.0 = Debug|Any CPU
		{63FF7B51-3323-4867-B9D3-6F030C129807}.Release|Any CPU.ActiveCfg = Release|Any CPU
		{63FF7B51-3323-4867-B9D3-6F030C129807}.Release|Any CPU.Build.0 = Release|Any CPU
	EndGlobalSection
	GlobalSection(SolutionProperties) = preSolution
		HideSolutionNode = FALSE
	EndGlobalSection
	GlobalSection(ExtensibilityGlobals) = postSolution
		SolutionGuid = {7935A9C7-D087-4F7D-97C2-3C89410E27A8}
	EndGlobalSection
EndGlobal
